
Microsoft Visual Studio Solution File, Format Version 12.00
# Visual Studio Version 17
VisualStudioVersion = 17.8.34309.116
MinimumVisualStudioVersion = 10.0.40219.1
Project("{FAE04EC0-301F-11D3-BF4B-00C04F79EFBC}") = "NetworkManager", "NetworkManager.csproj", "{67CC31F0-7240-4CFA-B4C3-785B1D254C97}"
EndProject
Global
	GlobalSection(SolutionConfigurationPlatforms) = preSolution
		Debug|Any CPU = Debug|Any CPU
		Release|Any CPU = Release|Any CPU
	EndGlobalSection
	GlobalSection(ProjectConfigurationPlatforms) = postSolution
		{67CC31F0-7240-4CFA-B4C3-785B1D254C97}.Debug|Any CPU.ActiveCfg = Debug|Any CPU
		{67CC31F0-7240-4CFA-B4C3-785B1D254C97}.Debug|Any CPU.Build.0 = Debug|Any CPU
		{67CC31F0-7240-4CFA-B4C3-785B1D254C97}.Release|Any CPU.ActiveCfg = Release|Any CPU
		{67CC31F0-7240-4CFA-B4C3-785B1D254C97}.Release|Any CPU.Build.0 = Release|Any CPU
	EndGlobalSection
	GlobalSection(SolutionProperties) = preSolution
		HideSolutionNode = FALSE
	EndGlobalSection
	GlobalSection(ExtensibilityGlobals) = postSolution
		SolutionGuid = {DF7D6E26-9C36-4DF5-9175-0268431FB0E6}
	EndGlobalSection
EndGlobal
